
Microsoft Visual Studio Solution File, Format Version 12.00
# Visual Studio Version 17
VisualStudioVersion = 17.0.32014.148
MinimumVisualStudioVersion = 10.0.40219.1
Project("{FAE04EC0-301F-11D3-BF4B-00C04F79EFBC}") = "Main", "Client\Main.csproj", "{2D2A2BA2-A43E-4995-8C91-69D5B9E7EFC4}"
EndProject
Project("{FAE04EC0-301F-11D3-BF4B-00C04F79EFBC}") = "Model", "Model\Model.csproj", "{72E6B613-066E-451A-96B1-FD75CB36A621}"
EndProject
Global
	GlobalSection(SolutionConfigurationPlatforms) = preSolution
		Debug|Any CPU = Debug|Any CPU
		Release|Any CPU = Release|Any CPU
	EndGlobalSection
	GlobalSection(ProjectConfigurationPlatforms) = postSolution
		{2D2A2BA2-A43E-4995-8C91-69D5B9E7EFC4}.Debug|Any CPU.ActiveCfg = Debug|Any CPU
		{2D2A2BA2-A43E-4995-8C91-69D5B9E7EFC4}.Debug|Any CPU.Build.0 = Debug|Any CPU
		{2D2A2BA2-A43E-4995-8C91-69D5B9E7EFC4}.Release|Any CPU.ActiveCfg = Release|Any CPU
		{2D2A2BA2-A43E-4995-8C91-69D5B9E7EFC4}.Release|Any CPU.Build.0 = Release|Any CPU
		{72E6B613-066E-451A-96B1-FD75CB36A621}.Debug|Any CPU.ActiveCfg = Debug|Any CPU
		{72E6B613-066E-451A-96B1-FD75CB36A621}.Debug|Any CPU.Build.0 = Debug|Any CPU
		{72E6B613-066E-451A-96B1-FD75CB36A621}.Release|Any CPU.ActiveCfg = Release|Any CPU
		{72E6B613-066E-451A-96B1-FD75CB36A621}.Release|Any CPU.Build.0 = Release|Any CPU
	EndGlobalSection
	GlobalSection(SolutionProperties) = preSolution
		HideSolutionNode = FALSE
	EndGlobalSection
	GlobalSection(ExtensibilityGlobals) = postSolution
		SolutionGuid = {385EBA7C-4980-4060-A7F6-0F36731F4A85}
	EndGlobalSection
EndGlobal
