
Microsoft Visual Studio Solution File, Format Version 12.00
# Visual Studio Version 16
VisualStudioVersion = 16.0.32002.261
MinimumVisualStudioVersion = 10.0.40219.1
Project("{FAE04EC0-301F-11D3-BF4B-00C04F79EFBC}") = "Exercice_Compte_A_Rebours", "Exercice_Compte_A_Rebours\Exercice_Compte_A_Rebours.csproj", "{839778FA-DE7B-44A0-96C6-BDBDAFA26D31}"
EndProject
Global
	GlobalSection(SolutionConfigurationPlatforms) = preSolution
		Debug|Any CPU = Debug|Any CPU
		Release|Any CPU = Release|Any CPU
	EndGlobalSection
	GlobalSection(ProjectConfigurationPlatforms) = postSolution
		{839778FA-DE7B-44A0-96C6-BDBDAFA26D31}.Debug|Any CPU.ActiveCfg = Debug|Any CPU
		{839778FA-DE7B-44A0-96C6-BDBDAFA26D31}.Debug|Any CPU.Build.0 = Debug|Any CPU
		{839778FA-DE7B-44A0-96C6-BDBDAFA26D31}.Release|Any CPU.ActiveCfg = Release|Any CPU
		{839778FA-DE7B-44A0-96C6-BDBDAFA26D31}.Release|Any CPU.Build.0 = Release|Any CPU
	EndGlobalSection
	GlobalSection(SolutionProperties) = preSolution
		HideSolutionNode = FALSE
	EndGlobalSection
	GlobalSection(ExtensibilityGlobals) = postSolution
		SolutionGuid = {3184D0E1-14BB-4715-8FE3-0E4BD6FB9889}
	EndGlobalSection
EndGlobal
